
Microsoft Visual Studio Solution File, Format Version 12.00
# Visual Studio 15
Project("{FAE04EC0-301F-11D3-BF4B-00C04F79EFBC}") = "Assembly-CSharp", "Assembly-CSharp.csproj", "{7FE0A993-D8D2-135F-3C94-E0EAB908C06E}"
EndProject
Project("{FAE04EC0-301F-11D3-BF4B-00C04F79EFBC}") = "Assembly-CSharp-Editor", "Assembly-CSharp-Editor.csproj", "{E0AB7559-ADAB-CF92-A5BF-7820D6795EBD}"
EndProject
Global
	GlobalSection(SolutionConfigurationPlatforms) = preSolution
		Debug|Any CPU = Debug|Any CPU
		Release|Any CPU = Release|Any CPU
	EndGlobalSection
	GlobalSection(ProjectConfigurationPlatforms) = postSolution
		{7FE0A993-D8D2-135F-3C94-E0EAB908C06E}.Debug|Any CPU.ActiveCfg = Debug|Any CPU
		{7FE0A993-D8D2-135F-3C94-E0EAB908C06E}.Debug|Any CPU.Build.0 = Debug|Any CPU
		{7FE0A993-D8D2-135F-3C94-E0EAB908C06E}.Release|Any CPU.ActiveCfg = Release|Any CPU
		{7FE0A993-D8D2-135F-3C94-E0EAB908C06E}.Release|Any CPU.Build.0 = Release|Any CPU
		{E0AB7559-ADAB-CF92-A5BF-7820D6795EBD}.Debug|Any CPU.ActiveCfg = Debug|Any CPU
		{E0AB7559-ADAB-CF92-A5BF-7820D6795EBD}.Debug|Any CPU.Build.0 = Debug|Any CPU
		{E0AB7559-ADAB-CF92-A5BF-7820D6795EBD}.Release|Any CPU.ActiveCfg = Release|Any CPU
		{E0AB7559-ADAB-CF92-A5BF-7820D6795EBD}.Release|Any CPU.Build.0 = Release|Any CPU
	EndGlobalSection
	GlobalSection(SolutionProperties) = preSolution
		HideSolutionNode = FALSE
	EndGlobalSection
EndGlobal
